{
  "requires": true,
  "lockfileVersion": 1,
  "dependencies": {
    "angular-gridster2": {
      "version": "9.1.0",
      "resolved": "https://registry.npmjs.org/angular-gridster2/-/angular-gridster2-9.1.0.tgz",
      "integrity": "sha512-oaJx7dRfC0cDcPBtUzf7DjLDLA04nxsekR2Ygls4iVigB+IXkurqwUpIUVgDJAipNemusVEC5j5+7on1CfwD9Q=="
    },
    "angular2-uuid": {
      "version": "1.1.1",
      "resolved": "https://registry.npmjs.org/angular2-uuid/-/angular2-uuid-1.1.1.tgz",
      "integrity": "sha1-cvA81TK39AAy6x7PufhFc4S+lW4="
    }
  }
}
